
Microsoft Visual Studio Solution File, Format Version 12.00
# Visual Studio 15
Project("{FAE04EC0-301F-11D3-BF4B-00C04F79EFBC}") = "higps.Android", "higps.Android\higps.Android.csproj", "{B503CCD8-7DFA-42EA-8027-B68FDAA7244A}"
EndProject
Project("{FAE04EC0-301F-11D3-BF4B-00C04F79EFBC}") = "higps.iOS", "higps.iOS\higps.iOS.csproj", "{56B44B23-A568-4913-84AB-B8ECE84F8E1E}"
EndProject
Project("{FAE04EC0-301F-11D3-BF4B-00C04F79EFBC}") = "higps", "higps\higps.csproj", "{E538E099-1458-4E4F-ABC0-3FEE9FDBF2CF}"
EndProject
Global
	GlobalSection(SolutionConfigurationPlatforms) = preSolution
		Debug|Any CPU = Debug|Any CPU
		Release|Any CPU = Release|Any CPU
		Debug|iPhoneSimulator = Debug|iPhoneSimulator
		Release|iPhoneSimulator = Release|iPhoneSimulator
		Debug|iPhone = Debug|iPhone
		Release|iPhone = Release|iPhone
	EndGlobalSection
	GlobalSection(ProjectConfigurationPlatforms) = postSolution
		{B503CCD8-7DFA-42EA-8027-B68FDAA7244A}.Debug|Any CPU.ActiveCfg = Debug|Any CPU
		{B503CCD8-7DFA-42EA-8027-B68FDAA7244A}.Debug|Any CPU.Build.0 = Debug|Any CPU
		{B503CCD8-7DFA-42EA-8027-B68FDAA7244A}.Release|Any CPU.ActiveCfg = Release|Any CPU
		{B503CCD8-7DFA-42EA-8027-B68FDAA7244A}.Release|Any CPU.Build.0 = Release|Any CPU
		{B503CCD8-7DFA-42EA-8027-B68FDAA7244A}.Debug|iPhoneSimulator.ActiveCfg = Debug|Any CPU
		{B503CCD8-7DFA-42EA-8027-B68FDAA7244A}.Debug|iPhoneSimulator.Build.0 = Debug|Any CPU
		{B503CCD8-7DFA-42EA-8027-B68FDAA7244A}.Release|iPhoneSimulator.ActiveCfg = Release|Any CPU
		{B503CCD8-7DFA-42EA-8027-B68FDAA7244A}.Release|iPhoneSimulator.Build.0 = Release|Any CPU
		{B503CCD8-7DFA-42EA-8027-B68FDAA7244A}.Debug|iPhone.ActiveCfg = Debug|Any CPU
		{B503CCD8-7DFA-42EA-8027-B68FDAA7244A}.Debug|iPhone.Build.0 = Debug|Any CPU
		{B503CCD8-7DFA-42EA-8027-B68FDAA7244A}.Release|iPhone.ActiveCfg = Release|Any CPU
		{B503CCD8-7DFA-42EA-8027-B68FDAA7244A}.Release|iPhone.Build.0 = Release|Any CPU
		{56B44B23-A568-4913-84AB-B8ECE84F8E1E}.Debug|Any CPU.ActiveCfg = Debug|iPhoneSimulator
		{56B44B23-A568-4913-84AB-B8ECE84F8E1E}.Debug|Any CPU.Build.0 = Debug|iPhoneSimulator
		{56B44B23-A568-4913-84AB-B8ECE84F8E1E}.Release|Any CPU.ActiveCfg = Release|iPhoneSimulator
		{56B44B23-A568-4913-84AB-B8ECE84F8E1E}.Release|Any CPU.Build.0 = Release|iPhoneSimulator
		{56B44B23-A568-4913-84AB-B8ECE84F8E1E}.Debug|iPhoneSimulator.ActiveCfg = Debug|iPhoneSimulator
		{56B44B23-A568-4913-84AB-B8ECE84F8E1E}.Debug|iPhoneSimulator.Build.0 = Debug|iPhoneSimulator
		{56B44B23-A568-4913-84AB-B8ECE84F8E1E}.Release|iPhoneSimulator.ActiveCfg = Release|iPhoneSimulator
		{56B44B23-A568-4913-84AB-B8ECE84F8E1E}.Release|iPhoneSimulator.Build.0 = Release|iPhoneSimulator
		{56B44B23-A568-4913-84AB-B8ECE84F8E1E}.Debug|iPhone.ActiveCfg = Debug|iPhone
		{56B44B23-A568-4913-84AB-B8ECE84F8E1E}.Debug|iPhone.Build.0 = Debug|iPhone
		{56B44B23-A568-4913-84AB-B8ECE84F8E1E}.Release|iPhone.ActiveCfg = Release|iPhone
		{56B44B23-A568-4913-84AB-B8ECE84F8E1E}.Release|iPhone.Build.0 = Release|iPhone
		{E538E099-1458-4E4F-ABC0-3FEE9FDBF2CF}.Debug|Any CPU.ActiveCfg = Debug|Any CPU
		{E538E099-1458-4E4F-ABC0-3FEE9FDBF2CF}.Debug|Any CPU.Build.0 = Debug|Any CPU
		{E538E099-1458-4E4F-ABC0-3FEE9FDBF2CF}.Release|Any CPU.ActiveCfg = Release|Any CPU
		{E538E099-1458-4E4F-ABC0-3FEE9FDBF2CF}.Release|Any CPU.Build.0 = Release|Any CPU
		{E538E099-1458-4E4F-ABC0-3FEE9FDBF2CF}.Debug|iPhoneSimulator.ActiveCfg = Debug|Any CPU
		{E538E099-1458-4E4F-ABC0-3FEE9FDBF2CF}.Debug|iPhoneSimulator.Build.0 = Debug|Any CPU
		{E538E099-1458-4E4F-ABC0-3FEE9FDBF2CF}.Release|iPhoneSimulator.ActiveCfg = Release|Any CPU
		{E538E099-1458-4E4F-ABC0-3FEE9FDBF2CF}.Release|iPhoneSimulator.Build.0 = Release|Any CPU
		{E538E099-1458-4E4F-ABC0-3FEE9FDBF2CF}.Debug|iPhone.ActiveCfg = Debug|Any CPU
		{E538E099-1458-4E4F-ABC0-3FEE9FDBF2CF}.Debug|iPhone.Build.0 = Debug|Any CPU
		{E538E099-1458-4E4F-ABC0-3FEE9FDBF2CF}.Release|iPhone.ActiveCfg = Release|Any CPU
		{E538E099-1458-4E4F-ABC0-3FEE9FDBF2CF}.Release|iPhone.Build.0 = Release|Any CPU
	EndGlobalSection
EndGlobal
